
Microsoft Visual Studio Solution File, Format Version 12.00
# Visual Studio Version 16
VisualStudioVersion = 16.0.30611.23
MinimumVisualStudioVersion = 10.0.40219.1
Project("{FAE04EC0-301F-11D3-BF4B-00C04F79EFBC}") = "MyDictionary", "MyDictionary.csproj", "{EC662D21-F482-4F7A-BC55-D2DD97FBDDC7}"
EndProject
Global
	GlobalSection(SolutionConfigurationPlatforms) = preSolution
		Debug|Any CPU = Debug|Any CPU
		Release|Any CPU = Release|Any CPU
	EndGlobalSection
	GlobalSection(ProjectConfigurationPlatforms) = postSolution
		{EC662D21-F482-4F7A-BC55-D2DD97FBDDC7}.Debug|Any CPU.ActiveCfg = Debug|Any CPU
		{EC662D21-F482-4F7A-BC55-D2DD97FBDDC7}.Debug|Any CPU.Build.0 = Debug|Any CPU
		{EC662D21-F482-4F7A-BC55-D2DD97FBDDC7}.Release|Any CPU.ActiveCfg = Release|Any CPU
		{EC662D21-F482-4F7A-BC55-D2DD97FBDDC7}.Release|Any CPU.Build.0 = Release|Any CPU
	EndGlobalSection
	GlobalSection(SolutionProperties) = preSolution
		HideSolutionNode = FALSE
	EndGlobalSection
	GlobalSection(ExtensibilityGlobals) = postSolution
		SolutionGuid = {F8CBDAE3-E26F-4A0B-9532-D6F215803BBF}
	EndGlobalSection
EndGlobal
